// !$*UTF8*$!
{
	archiveVersion = 1;
	classes = {
	};
	objectVersion = 52;
	objects = {

/* Begin PBXBuildFile section */
		2E4E767825DB1249004C8406 /* NIOTLS in Frameworks */ = {isa = PBXBuildFile; productRef = 2E4E767725DB1249004C8406 /* NIOTLS */; };
		2E4E767A25DB1249004C8406 /* NIOWebSocket in Frameworks */ = {isa = PBXBuildFile; productRef = 2E4E767925DB1249004C8406 /* NIOWebSocket */; };
		2E4E767C25DB1249004C8406 /* _NIO1APIShims in Frameworks */ = {isa = PBXBuildFile; productRef = 2E4E767B25DB1249004C8406 /* _NIO1APIShims */; };
		2E4E767E25DB1249004C8406 /* NIOFoundationCompat in Frameworks */ = {isa = PBXBuildFile; productRef = 2E4E767D25DB1249004C8406 /* NIOFoundationCompat */; };
		2E4E768025DB1249004C8406 /* NIOHTTP1 in Frameworks */ = {isa = PBXBuildFile; productRef = 2E4E767F25DB1249004C8406 /* NIOHTTP1 */; };
		2E4E768225DB1249004C8406 /* NIOConcurrencyHelpers in Frameworks */ = {isa = PBXBuildFile; productRef = 2E4E768125DB1249004C8406 /* NIOConcurrencyHelpers */; };
		2E4E768425DB1249004C8406 /* NIOTestUtils in Frameworks */ = {isa = PBXBuildFile; productRef = 2E4E768325DB1249004C8406 /* NIOTestUtils */; };
		2E4E768625DB1249004C8406 /* NIO in Frameworks */ = {isa = PBXBuildFile; productRef = 2E4E768525DB1249004C8406 /* NIO */; };
		2E4E768C25DB126A004C8406 /* Logging in Frameworks */ = {isa = PBXBuildFile; productRef = 2E4E768B25DB126A004C8406 /* Logging */; };
		2E4E769125DB129C004C8406 /* DogecoinPeerToPeer.swift in Sources */ = {isa = PBXBuildFile; fileRef = 2E4E769025DB129C004C8406 /* DogecoinPeerToPeer.swift */; };
		2E63960B25D9ACDA0012F2AC /* AvocadogeApp.swift in Sources */ = {isa = PBXBuildFile; fileRef = 2E63960A25D9ACDA0012F2AC /* AvocadogeApp.swift */; };
		2E63960D25D9ACDA0012F2AC /* ContentView.swift in Sources */ = {isa = PBXBuildFile; fileRef = 2E63960C25D9ACDA0012F2AC /* ContentView.swift */; };
		2E63960F25D9ACDB0012F2AC /* Assets.xcassets in Resources */ = {isa = PBXBuildFile; fileRef = 2E63960E25D9ACDB0012F2AC /* Assets.xcassets */; };
		2E63961225D9ACDB0012F2AC /* Preview Assets.xcassets in Resources */ = {isa = PBXBuildFile; fileRef = 2E63961125D9ACDB0012F2AC /* Preview Assets.xcassets */; };
		2E63961D25D9ACDB0012F2AC /* AvocadogeTests.swift in Sources */ = {isa = PBXBuildFile; fileRef = 2E63961C25D9ACDB0012F2AC /* AvocadogeTests.swift */; };
		2E63962825D9ACDB0012F2AC /* AvocadogeUITests.swift in Sources */ = {isa = PBXBuildFile; fileRef = 2E63962725D9ACDB0012F2AC /* AvocadogeUITests.swift */; };
		2EDCEE7725DB31800050FA95 /* ClusterMembership in Frameworks */ = {isa = PBXBuildFile; productRef = 2EDCEE7625DB31800050FA95 /* ClusterMembership */; };
		2EDCEE7925DB31800050FA95 /* SWIM in Frameworks */ = {isa = PBXBuildFile; productRef = 2EDCEE7825DB31800050FA95 /* SWIM */; };
		2EDCEE8325DB32210050FA95 /* String+Extensions.swift in Sources */ = {isa = PBXBuildFile; fileRef = 2EDCEE8225DB32210050FA95 /* String+Extensions.swift */; };
		2EDCEE8825DB32330050FA95 /* time.swift in Sources */ = {isa = PBXBuildFile; fileRef = 2EDCEE8725DB32330050FA95 /* time.swift */; };
		2EDCEE8D25DB32580050FA95 /* Coding.swift in Sources */ = {isa = PBXBuildFile; fileRef = 2EDCEE8C25DB32580050FA95 /* Coding.swift */; };
		2EDCEE9225DB327B0050FA95 /* Logging.swift in Sources */ = {isa = PBXBuildFile; fileRef = 2EDCEE9125DB327B0050FA95 /* Logging.swift */; };
		2EDCEEA225DB32A80050FA95 /* Message.swift in Sources */ = {isa = PBXBuildFile; fileRef = 2EDCEEA125DB32A80050FA95 /* Message.swift */; };
		2EDCEEA725DB32BA0050FA95 /* NIOPeer.swift in Sources */ = {isa = PBXBuildFile; fileRef = 2EDCEEA625DB32BA0050FA95 /* NIOPeer.swift */; };
		2EDCEEAC25DB32CA0050FA95 /* Settings.swift in Sources */ = {isa = PBXBuildFile; fileRef = 2EDCEEAB25DB32CA0050FA95 /* Settings.swift */; };
		2EDCEEB125DB32DD0050FA95 /* SWIMNIOHandler.swift in Sources */ = {isa = PBXBuildFile; fileRef = 2EDCEEB025DB32DD0050FA95 /* SWIMNIOHandler.swift */; };
		2EDCEEB625DB32F20050FA95 /* SWIMNIOShell.swift in Sources */ = {isa = PBXBuildFile; fileRef = 2EDCEEB525DB32F20050FA95 /* SWIMNIOShell.swift */; };
		2EDCEEC125DB33560050FA95 /* DogeNode.swift in Sources */ = {isa = PBXBuildFile; fileRef = 2EDCEEC025DB33560050FA95 /* DogeNode.swift */; };
		2EDCEEC725DB34930050FA95 /* LifecycleNIOCompat in Frameworks */ = {isa = PBXBuildFile; productRef = 2EDCEEC625DB34930050FA95 /* LifecycleNIOCompat */; };
		2EDCEEC925DB34930050FA95 /* Lifecycle in Frameworks */ = {isa = PBXBuildFile; productRef = 2EDCEEC825DB34930050FA95 /* Lifecycle */; };
		2EFE4F6925DB2E2800EE37D9 /* ArgumentParser in Frameworks */ = {isa = PBXBuildFile; productRef = 2EFE4F6825DB2E2800EE37D9 /* ArgumentParser */; };
/* End PBXBuildFile section */

/* Begin PBXContainerItemProxy section */
		2E63961925D9ACDB0012F2AC /* PBXContainerItemProxy */ = {
			isa = PBXContainerItemProxy;
			containerPortal = 2E6395FF25D9ACDA0012F2AC /* Project object */;
			proxyType = 1;
			remoteGlobalIDString = 2E63960625D9ACDA0012F2AC;
			remoteInfo = Avocadoge;
		};
		2E63962425D9ACDB0012F2AC /* PBXContainerItemProxy */ = {
			isa = PBXContainerItemProxy;
			containerPortal = 2E6395FF25D9ACDA0012F2AC /* Project object */;
			proxyType = 1;
			remoteGlobalIDString = 2E63960625D9ACDA0012F2AC;
			remoteInfo = Avocadoge;
		};
/* End PBXContainerItemProxy section */

/* Begin PBXFileReference section */
		2E4E769025DB129C004C8406 /* DogecoinPeerToPeer.swift */ = {isa = PBXFileReference; lastKnownFileType = sourcecode.swift; path = DogecoinPeerToPeer.swift; sourceTree = "<group>"; };
		2E63960725D9ACDA0012F2AC /* Avocadoge.app */ = {isa = PBXFileReference; explicitFileType = wrapper.application; includeInIndex = 0; path = Avocadoge.app; sourceTree = BUILT_PRODUCTS_DIR; };
		2E63960A25D9ACDA0012F2AC /* AvocadogeApp.swift */ = {isa = PBXFileReference; lastKnownFileType = sourcecode.swift; path = AvocadogeApp.swift; sourceTree = "<group>"; };
		2E63960C25D9ACDA0012F2AC /* ContentView.swift */ = {isa = PBXFileReference; lastKnownFileType = sourcecode.swift; path = ContentView.swift; sourceTree = "<group>"; };
		2E63960E25D9ACDB0012F2AC /* Assets.xcassets */ = {isa = PBXFileReference; lastKnownFileType = folder.assetcatalog; path = Assets.xcassets; sourceTree = "<group>"; };
		2E63961125D9ACDB0012F2AC /* Preview Assets.xcassets */ = {isa = PBXFileReference; lastKnownFileType = folder.assetcatalog; path = "Preview Assets.xcassets"; sourceTree = "<group>"; };
		2E63961325D9ACDB0012F2AC /* Info.plist */ = {isa = PBXFileReference; lastKnownFileType = text.plist.xml; path = Info.plist; sourceTree = "<group>"; };
		2E63961825D9ACDB0012F2AC /* AvocadogeTests.xctest */ = {isa = PBXFileReference; explicitFileType = wrapper.cfbundle; includeInIndex = 0; path = AvocadogeTests.xctest; sourceTree = BUILT_PRODUCTS_DIR; };
		2E63961C25D9ACDB0012F2AC /* AvocadogeTests.swift */ = {isa = PBXFileReference; lastKnownFileType = sourcecode.swift; path = AvocadogeTests.swift; sourceTree = "<group>"; };
		2E63961E25D9ACDB0012F2AC /* Info.plist */ = {isa = PBXFileReference; lastKnownFileType = text.plist.xml; path = Info.plist; sourceTree = "<group>"; };
		2E63962325D9ACDB0012F2AC /* AvocadogeUITests.xctest */ = {isa = PBXFileReference; explicitFileType = wrapper.cfbundle; includeInIndex = 0; path = AvocadogeUITests.xctest; sourceTree = BUILT_PRODUCTS_DIR; };
		2E63962725D9ACDB0012F2AC /* AvocadogeUITests.swift */ = {isa = PBXFileReference; lastKnownFileType = sourcecode.swift; path = AvocadogeUITests.swift; sourceTree = "<group>"; };
		2E63962925D9ACDB0012F2AC /* Info.plist */ = {isa = PBXFileReference; lastKnownFileType = text.plist.xml; path = Info.plist; sourceTree = "<group>"; };
		2EDCEE8225DB32210050FA95 /* String+Extensions.swift */ = {isa = PBXFileReference; lastKnownFileType = sourcecode.swift; path = "String+Extensions.swift"; sourceTree = "<group>"; };
		2EDCEE8725DB32330050FA95 /* time.swift */ = {isa = PBXFileReference; lastKnownFileType = sourcecode.swift; path = time.swift; sourceTree = "<group>"; };
		2EDCEE8C25DB32580050FA95 /* Coding.swift */ = {isa = PBXFileReference; lastKnownFileType = sourcecode.swift; path = Coding.swift; sourceTree = "<group>"; };
		2EDCEE9125DB327B0050FA95 /* Logging.swift */ = {isa = PBXFileReference; lastKnownFileType = sourcecode.swift; path = Logging.swift; sourceTree = "<group>"; };
		2EDCEEA125DB32A80050FA95 /* Message.swift */ = {isa = PBXFileReference; lastKnownFileType = sourcecode.swift; path = Message.swift; sourceTree = "<group>"; };
		2EDCEEA625DB32BA0050FA95 /* NIOPeer.swift */ = {isa = PBXFileReference; lastKnownFileType = sourcecode.swift; path = NIOPeer.swift; sourceTree = "<group>"; };
		2EDCEEAB25DB32CA0050FA95 /* Settings.swift */ = {isa = PBXFileReference; lastKnownFileType = sourcecode.swift; path = Settings.swift; sourceTree = "<group>"; };
		2EDCEEB025DB32DD0050FA95 /* SWIMNIOHandler.swift */ = {isa = PBXFileReference; lastKnownFileType = sourcecode.swift; path = SWIMNIOHandler.swift; sourceTree = "<group>"; };
		2EDCEEB525DB32F20050FA95 /* SWIMNIOShell.swift */ = {isa = PBXFileReference; lastKnownFileType = sourcecode.swift; path = SWIMNIOShell.swift; sourceTree = "<group>"; };
		2EDCEEC025DB33560050FA95 /* DogeNode.swift */ = {isa = PBXFileReference; lastKnownFileType = sourcecode.swift; path = DogeNode.swift; sourceTree = "<group>"; };
/* End PBXFileReference section */

/* Begin PBXFrameworksBuildPhase section */
		2E63960425D9ACDA0012F2AC /* Frameworks */ = {
			isa = PBXFrameworksBuildPhase;
			buildActionMask = 2147483647;
			files = (
				2E4E768225DB1249004C8406 /* NIOConcurrencyHelpers in Frameworks */,
				2E4E768425DB1249004C8406 /* NIOTestUtils in Frameworks */,
				2E4E767C25DB1249004C8406 /* _NIO1APIShims in Frameworks */,
				2E4E767A25DB1249004C8406 /* NIOWebSocket in Frameworks */,
				2EDCEE7925DB31800050FA95 /* SWIM in Frameworks */,
				2E4E768025DB1249004C8406 /* NIOHTTP1 in Frameworks */,
				2EFE4F6925DB2E2800EE37D9 /* ArgumentParser in Frameworks */,
				2E4E768C25DB126A004C8406 /* Logging in Frameworks */,
				2E4E767E25DB1249004C8406 /* NIOFoundationCompat in Frameworks */,
				2E4E767825DB1249004C8406 /* NIOTLS in Frameworks */,
				2E4E768625DB1249004C8406 /* NIO in Frameworks */,
				2EDCEEC725DB34930050FA95 /* LifecycleNIOCompat in Frameworks */,
				2EDCEE7725DB31800050FA95 /* ClusterMembership in Frameworks */,
				2EDCEEC925DB34930050FA95 /* Lifecycle in Frameworks */,
			);
			runOnlyForDeploymentPostprocessing = 0;
		};
		2E63961525D9ACDB0012F2AC /* Frameworks */ = {
			isa = PBXFrameworksBuildPhase;
			buildActionMask = 2147483647;
			files = (
			);
			runOnlyForDeploymentPostprocessing = 0;
		};
		2E63962025D9ACDB0012F2AC /* Frameworks */ = {
			isa = PBXFrameworksBuildPhase;
			buildActionMask = 2147483647;
			files = (
			);
			runOnlyForDeploymentPostprocessing = 0;
		};
/* End PBXFrameworksBuildPhase section */

/* Begin PBXGroup section */
		2E6395FE25D9ACDA0012F2AC = {
			isa = PBXGroup;
			children = (
				2E63960925D9ACDA0012F2AC /* Avocadoge */,
				2E63961B25D9ACDB0012F2AC /* AvocadogeTests */,
				2E63962625D9ACDB0012F2AC /* AvocadogeUITests */,
				2E63960825D9ACDA0012F2AC /* Products */,
			);
			sourceTree = "<group>";
		};
		2E63960825D9ACDA0012F2AC /* Products */ = {
			isa = PBXGroup;
			children = (
				2E63960725D9ACDA0012F2AC /* Avocadoge.app */,
				2E63961825D9ACDB0012F2AC /* AvocadogeTests.xctest */,
				2E63962325D9ACDB0012F2AC /* AvocadogeUITests.xctest */,
			);
			name = Products;
			sourceTree = "<group>";
		};
		2E63960925D9ACDA0012F2AC /* Avocadoge */ = {
			isa = PBXGroup;
			children = (
				2EDCEE8025DB31E60050FA95 /* SWIMNIO */,
				2E63960E25D9ACDB0012F2AC /* Assets.xcassets */,
				2E4E769025DB129C004C8406 /* DogecoinPeerToPeer.swift */,
				2E63961325D9ACDB0012F2AC /* Info.plist */,
				2E63960A25D9ACDA0012F2AC /* AvocadogeApp.swift */,
				2E63960C25D9ACDA0012F2AC /* ContentView.swift */,
				2E63961025D9ACDB0012F2AC /* Preview Content */,
				2EDCEEC025DB33560050FA95 /* DogeNode.swift */,
			);
			path = Avocadoge;
			sourceTree = "<group>";
		};
		2E63961025D9ACDB0012F2AC /* Preview Content */ = {
			isa = PBXGroup;
			children = (
				2E63961125D9ACDB0012F2AC /* Preview Assets.xcassets */,
			);
			path = "Preview Content";
			sourceTree = "<group>";
		};
		2E63961B25D9ACDB0012F2AC /* AvocadogeTests */ = {
			isa = PBXGroup;
			children = (
				2E63961C25D9ACDB0012F2AC /* AvocadogeTests.swift */,
				2E63961E25D9ACDB0012F2AC /* Info.plist */,
			);
			path = AvocadogeTests;
			sourceTree = "<group>";
		};
		2E63962625D9ACDB0012F2AC /* AvocadogeUITests */ = {
			isa = PBXGroup;
			children = (
				2E63962725D9ACDB0012F2AC /* AvocadogeUITests.swift */,
				2E63962925D9ACDB0012F2AC /* Info.plist */,
			);
			path = AvocadogeUITests;
			sourceTree = "<group>";
		};
		2EDCEE8025DB31E60050FA95 /* SWIMNIO */ = {
			isa = PBXGroup;
			children = (
				2EDCEE8125DB320F0050FA95 /* Utils */,
				2EDCEE8C25DB32580050FA95 /* Coding.swift */,
				2EDCEE9125DB327B0050FA95 /* Logging.swift */,
				2EDCEEA125DB32A80050FA95 /* Message.swift */,
				2EDCEEA625DB32BA0050FA95 /* NIOPeer.swift */,
				2EDCEEAB25DB32CA0050FA95 /* Settings.swift */,
				2EDCEEB025DB32DD0050FA95 /* SWIMNIOHandler.swift */,
				2EDCEEB525DB32F20050FA95 /* SWIMNIOShell.swift */,
			);
			path = SWIMNIO;
			sourceTree = "<group>";
		};
		2EDCEE8125DB320F0050FA95 /* Utils */ = {
			isa = PBXGroup;
			children = (
				2EDCEE8225DB32210050FA95 /* String+Extensions.swift */,
				2EDCEE8725DB32330050FA95 /* time.swift */,
			);
			path = Utils;
			sourceTree = "<group>";
		};
/* End PBXGroup section */

/* Begin PBXNativeTarget section */
		2E63960625D9ACDA0012F2AC /* Avocadoge */ = {
			isa = PBXNativeTarget;
			buildConfigurationList = 2E63962C25D9ACDB0012F2AC /* Build configuration list for PBXNativeTarget "Avocadoge" */;
			buildPhases = (
				2E63960325D9ACDA0012F2AC /* Sources */,
				2E63960425D9ACDA0012F2AC /* Frameworks */,
				2E63960525D9ACDA0012F2AC /* Resources */,
			);
			buildRules = (
			);
			dependencies = (
			);
			name = Avocadoge;
			packageProductDependencies = (
				2E4E767725DB1249004C8406 /* NIOTLS */,
				2E4E767925DB1249004C8406 /* NIOWebSocket */,
				2E4E767B25DB1249004C8406 /* _NIO1APIShims */,
				2E4E767D25DB1249004C8406 /* NIOFoundationCompat */,
				2E4E767F25DB1249004C8406 /* NIOHTTP1 */,
				2E4E768125DB1249004C8406 /* NIOConcurrencyHelpers */,
				2E4E768325DB1249004C8406 /* NIOTestUtils */,
				2E4E768525DB1249004C8406 /* NIO */,
				2E4E768B25DB126A004C8406 /* Logging */,
				2EFE4F6825DB2E2800EE37D9 /* ArgumentParser */,
				2EDCEE7625DB31800050FA95 /* ClusterMembership */,
				2EDCEE7825DB31800050FA95 /* SWIM */,
				2EDCEEC625DB34930050FA95 /* LifecycleNIOCompat */,
				2EDCEEC825DB34930050FA95 /* Lifecycle */,
			);
			productName = Avocadoge;
			productReference = 2E63960725D9ACDA0012F2AC /* Avocadoge.app */;
			productType = "com.apple.product-type.application";
		};
		2E63961725D9ACDB0012F2AC /* AvocadogeTests */ = {
			isa = PBXNativeTarget;
			buildConfigurationList = 2E63962F25D9ACDB0012F2AC /* Build configuration list for PBXNativeTarget "AvocadogeTests" */;
			buildPhases = (
				2E63961425D9ACDB0012F2AC /* Sources */,
				2E63961525D9ACDB0012F2AC /* Frameworks */,
				2E63961625D9ACDB0012F2AC /* Resources */,
			);
			buildRules = (
			);
			dependencies = (
				2E63961A25D9ACDB0012F2AC /* PBXTargetDependency */,
			);
			name = AvocadogeTests;
			productName = AvocadogeTests;
			productReference = 2E63961825D9ACDB0012F2AC /* AvocadogeTests.xctest */;
			productType = "com.apple.product-type.bundle.unit-test";
		};
		2E63962225D9ACDB0012F2AC /* AvocadogeUITests */ = {
			isa = PBXNativeTarget;
			buildConfigurationList = 2E63963225D9ACDB0012F2AC /* Build configuration list for PBXNativeTarget "AvocadogeUITests" */;
			buildPhases = (
				2E63961F25D9ACDB0012F2AC /* Sources */,
				2E63962025D9ACDB0012F2AC /* Frameworks */,
				2E63962125D9ACDB0012F2AC /* Resources */,
			);
			buildRules = (
			);
			dependencies = (
				2E63962525D9ACDB0012F2AC /* PBXTargetDependency */,
			);
			name = AvocadogeUITests;
			productName = AvocadogeUITests;
			productReference = 2E63962325D9ACDB0012F2AC /* AvocadogeUITests.xctest */;
			productType = "com.apple.product-type.bundle.ui-testing";
		};
/* End PBXNativeTarget section */

/* Begin PBXProject section */
		2E6395FF25D9ACDA0012F2AC /* Project object */ = {
			isa = PBXProject;
			attributes = {
				LastSwiftUpdateCheck = 1240;
				LastUpgradeCheck = 1240;
				TargetAttributes = {
					2E63960625D9ACDA0012F2AC = {
						CreatedOnToolsVersion = 12.4;
					};
					2E63961725D9ACDB0012F2AC = {
						CreatedOnToolsVersion = 12.4;
						TestTargetID = 2E63960625D9ACDA0012F2AC;
					};
					2E63962225D9ACDB0012F2AC = {
						CreatedOnToolsVersion = 12.4;
						TestTargetID = 2E63960625D9ACDA0012F2AC;
					};
				};
			};
			buildConfigurationList = 2E63960225D9ACDA0012F2AC /* Build configuration list for PBXProject "Avocadoge" */;
			compatibilityVersion = "Xcode 9.3";
			developmentRegion = en;
			hasScannedForEncodings = 0;
			knownRegions = (
				en,
				Base,
			);
			mainGroup = 2E6395FE25D9ACDA0012F2AC;
			packageReferences = (
				2E4E767625DB1249004C8406 /* XCRemoteSwiftPackageReference "swift-nio" */,
				2E4E768A25DB126A004C8406 /* XCRemoteSwiftPackageReference "swift-log" */,
				2EFE4F6725DB2E2800EE37D9 /* XCRemoteSwiftPackageReference "swift-argument-parser" */,
				2EDCEE7525DB31800050FA95 /* XCRemoteSwiftPackageReference "swift-cluster-membership" */,
				2EDCEEC525DB34930050FA95 /* XCRemoteSwiftPackageReference "swift-service-lifecycle" */,
			);
			productRefGroup = 2E63960825D9ACDA0012F2AC /* Products */;
			projectDirPath = "";
			projectRoot = "";
			targets = (
				2E63960625D9ACDA0012F2AC /* Avocadoge */,
				2E63961725D9ACDB0012F2AC /* AvocadogeTests */,
				2E63962225D9ACDB0012F2AC /* AvocadogeUITests */,
			);
		};
/* End PBXProject section */

/* Begin PBXResourcesBuildPhase section */
		2E63960525D9ACDA0012F2AC /* Resources */ = {
			isa = PBXResourcesBuildPhase;
			buildActionMask = 2147483647;
			files = (
				2E63961225D9ACDB0012F2AC /* Preview Assets.xcassets in Resources */,
				2E63960F25D9ACDB0012F2AC /* Assets.xcassets in Resources */,
			);
			runOnlyForDeploymentPostprocessing = 0;
		};
		2E63961625D9ACDB0012F2AC /* Resources */ = {
			isa = PBXResourcesBuildPhase;
			buildActionMask = 2147483647;
			files = (
			);
			runOnlyForDeploymentPostprocessing = 0;
		};
		2E63962125D9ACDB0012F2AC /* Resources */ = {
			isa = PBXResourcesBuildPhase;
			buildActionMask = 2147483647;
			files = (
			);
			runOnlyForDeploymentPostprocessing = 0;
		};
/* End PBXResourcesBuildPhase section */

/* Begin PBXSourcesBuildPhase section */
		2E63960325D9ACDA0012F2AC /* Sources */ = {
			isa = PBXSourcesBuildPhase;
			buildActionMask = 2147483647;
			files = (
				2EDCEE8325DB32210050FA95 /* String+Extensions.swift in Sources */,
				2E4E769125DB129C004C8406 /* DogecoinPeerToPeer.swift in Sources */,
				2EDCEEA725DB32BA0050FA95 /* NIOPeer.swift in Sources */,
				2EDCEE8D25DB32580050FA95 /* Coding.swift in Sources */,
				2EDCEEA225DB32A80050FA95 /* Message.swift in Sources */,
				2EDCEE8825DB32330050FA95 /* time.swift in Sources */,
				2E63960D25D9ACDA0012F2AC /* ContentView.swift in Sources */,
				2E63960B25D9ACDA0012F2AC /* AvocadogeApp.swift in Sources */,
				2EDCEEB625DB32F20050FA95 /* SWIMNIOShell.swift in Sources */,
				2EDCEEAC25DB32CA0050FA95 /* Settings.swift in Sources */,
				2EDCEE9225DB327B0050FA95 /* Logging.swift in Sources */,
				2EDCEEC125DB33560050FA95 /* DogeNode.swift in Sources */,
				2EDCEEB125DB32DD0050FA95 /* SWIMNIOHandler.swift in Sources */,
			);
			runOnlyForDeploymentPostprocessing = 0;
		};
		2E63961425D9ACDB0012F2AC /* Sources */ = {
			isa = PBXSourcesBuildPhase;
			buildActionMask = 2147483647;
			files = (
				2E63961D25D9ACDB0012F2AC /* AvocadogeTests.swift in Sources */,
			);
			runOnlyForDeploymentPostprocessing = 0;
		};
		2E63961F25D9ACDB0012F2AC /* Sources */ = {
			isa = PBXSourcesBuildPhase;
			buildActionMask = 2147483647;
			files = (
				2E63962825D9ACDB0012F2AC /* AvocadogeUITests.swift in Sources */,
			);
			runOnlyForDeploymentPostprocessing = 0;
		};
/* End PBXSourcesBuildPhase section */

/* Begin PBXTargetDependency section */
		2E63961A25D9ACDB0012F2AC /* PBXTargetDependency */ = {
			isa = PBXTargetDependency;
			target = 2E63960625D9ACDA0012F2AC /* Avocadoge */;
			targetProxy = 2E63961925D9ACDB0012F2AC /* PBXContainerItemProxy */;
		};
		2E63962525D9ACDB0012F2AC /* PBXTargetDependency */ = {
			isa = PBXTargetDependency;
			target = 2E63960625D9ACDA0012F2AC /* Avocadoge */;
			targetProxy = 2E63962425D9ACDB0012F2AC /* PBXContainerItemProxy */;
		};
/* End PBXTargetDependency section */

/* Begin XCBuildConfiguration section */
		2E63962A25D9ACDB0012F2AC /* Debug */ = {
			isa = XCBuildConfiguration;
			buildSettings = {
				ALWAYS_SEARCH_USER_PATHS = NO;
				CLANG_ANALYZER_NONNULL = YES;
				CLANG_ANALYZER_NUMBER_OBJECT_CONVERSION = YES_AGGRESSIVE;
				CLANG_CXX_LANGUAGE_STANDARD = "gnu++14";
				CLANG_CXX_LIBRARY = "libc++";
				CLANG_ENABLE_MODULES = YES;
				CLANG_ENABLE_OBJC_ARC = YES;
				CLANG_ENABLE_OBJC_WEAK = YES;
				CLANG_WARN_BLOCK_CAPTURE_AUTORELEASING = YES;
				CLANG_WARN_BOOL_CONVERSION = YES;
				CLANG_WARN_COMMA = YES;
				CLANG_WARN_CONSTANT_CONVERSION = YES;
				CLANG_WARN_DEPRECATED_OBJC_IMPLEMENTATIONS = YES;
				CLANG_WARN_DIRECT_OBJC_ISA_USAGE = YES_ERROR;
				CLANG_WARN_DOCUMENTATION_COMMENTS = YES;
				CLANG_WARN_EMPTY_BODY = YES;
				CLANG_WARN_ENUM_CONVERSION = YES;
				CLANG_WARN_INFINITE_RECURSION = YES;
				CLANG_WARN_INT_CONVERSION = YES;
				CLANG_WARN_NON_LITERAL_NULL_CONVERSION = YES;
				CLANG_WARN_OBJC_IMPLICIT_RETAIN_SELF = YES;
				CLANG_WARN_OBJC_LITERAL_CONVERSION = YES;
				CLANG_WARN_OBJC_ROOT_CLASS = YES_ERROR;
				CLANG_WARN_QUOTED_INCLUDE_IN_FRAMEWORK_HEADER = YES;
				CLANG_WARN_RANGE_LOOP_ANALYSIS = YES;
				CLANG_WARN_STRICT_PROTOTYPES = YES;
				CLANG_WARN_SUSPICIOUS_MOVE = YES;
				CLANG_WARN_UNGUARDED_AVAILABILITY = YES_AGGRESSIVE;
				CLANG_WARN_UNREACHABLE_CODE = YES;
				CLANG_WARN__DUPLICATE_METHOD_MATCH = YES;
				COPY_PHASE_STRIP = NO;
				DEBUG_INFORMATION_FORMAT = dwarf;
				ENABLE_STRICT_OBJC_MSGSEND = YES;
				ENABLE_TESTABILITY = YES;
				GCC_C_LANGUAGE_STANDARD = gnu11;
				GCC_DYNAMIC_NO_PIC = NO;
				GCC_NO_COMMON_BLOCKS = YES;
				GCC_OPTIMIZATION_LEVEL = 0;
				GCC_PREPROCESSOR_DEFINITIONS = (
					"DEBUG=1",
					"$(inherited)",
				);
				GCC_WARN_64_TO_32_BIT_CONVERSION = YES;
				GCC_WARN_ABOUT_RETURN_TYPE = YES_ERROR;
				GCC_WARN_UNDECLARED_SELECTOR = YES;
				GCC_WARN_UNINITIALIZED_AUTOS = YES_AGGRESSIVE;
				GCC_WARN_UNUSED_FUNCTION = YES;
				GCC_WARN_UNUSED_VARIABLE = YES;
				IPHONEOS_DEPLOYMENT_TARGET = 14.4;
				MTL_ENABLE_DEBUG_INFO = INCLUDE_SOURCE;
				MTL_FAST_MATH = YES;
				ONLY_ACTIVE_ARCH = YES;
				SDKROOT = iphoneos;
				SWIFT_ACTIVE_COMPILATION_CONDITIONS = DEBUG;
				SWIFT_OPTIMIZATION_LEVEL = "-Onone";
			};
			name = Debug;
		};
		2E63962B25D9ACDB0012F2AC /* Release */ = {
			isa = XCBuildConfiguration;
			buildSettings = {
				ALWAYS_SEARCH_USER_PATHS = NO;
				CLANG_ANALYZER_NONNULL = YES;
				CLANG_ANALYZER_NUMBER_OBJECT_CONVERSION = YES_AGGRESSIVE;
				CLANG_CXX_LANGUAGE_STANDARD = "gnu++14";
				CLANG_CXX_LIBRARY = "libc++";
				CLANG_ENABLE_MODULES = YES;
				CLANG_ENABLE_OBJC_ARC = YES;
				CLANG_ENABLE_OBJC_WEAK = YES;
				CLANG_WARN_BLOCK_CAPTURE_AUTORELEASING = YES;
				CLANG_WARN_BOOL_CONVERSION = YES;
				CLANG_WARN_COMMA = YES;
				CLANG_WARN_CONSTANT_CONVERSION = YES;
				CLANG_WARN_DEPRECATED_OBJC_IMPLEMENTATIONS = YES;
				CLANG_WARN_DIRECT_OBJC_ISA_USAGE = YES_ERROR;
				CLANG_WARN_DOCUMENTATION_COMMENTS = YES;
				CLANG_WARN_EMPTY_BODY = YES;
				CLANG_WARN_ENUM_CONVERSION = YES;
				CLANG_WARN_INFINITE_RECURSION = YES;
				CLANG_WARN_INT_CONVERSION = YES;
				CLANG_WARN_NON_LITERAL_NULL_CONVERSION = YES;
				CLANG_WARN_OBJC_IMPLICIT_RETAIN_SELF = YES;
				CLANG_WARN_OBJC_LITERAL_CONVERSION = YES;
				CLANG_WARN_OBJC_ROOT_CLASS = YES_ERROR;
				CLANG_WARN_QUOTED_INCLUDE_IN_FRAMEWORK_HEADER = YES;
				CLANG_WARN_RANGE_LOOP_ANALYSIS = YES;
				CLANG_WARN_STRICT_PROTOTYPES = YES;
				CLANG_WARN_SUSPICIOUS_MOVE = YES;
				CLANG_WARN_UNGUARDED_AVAILABILITY = YES_AGGRESSIVE;
				CLANG_WARN_UNREACHABLE_CODE = YES;
				CLANG_WARN__DUPLICATE_METHOD_MATCH = YES;
				COPY_PHASE_STRIP = NO;
				DEBUG_INFORMATION_FORMAT = "dwarf-with-dsym";
				ENABLE_NS_ASSERTIONS = NO;
				ENABLE_STRICT_OBJC_MSGSEND = YES;
				GCC_C_LANGUAGE_STANDARD = gnu11;
				GCC_NO_COMMON_BLOCKS = YES;
				GCC_WARN_64_TO_32_BIT_CONVERSION = YES;
				GCC_WARN_ABOUT_RETURN_TYPE = YES_ERROR;
				GCC_WARN_UNDECLARED_SELECTOR = YES;
				GCC_WARN_UNINITIALIZED_AUTOS = YES_AGGRESSIVE;
				GCC_WARN_UNUSED_FUNCTION = YES;
				GCC_WARN_UNUSED_VARIABLE = YES;
				IPHONEOS_DEPLOYMENT_TARGET = 14.4;
				MTL_ENABLE_DEBUG_INFO = NO;
				MTL_FAST_MATH = YES;
				SDKROOT = iphoneos;
				SWIFT_COMPILATION_MODE = wholemodule;
				SWIFT_OPTIMIZATION_LEVEL = "-O";
				VALIDATE_PRODUCT = YES;
			};
			name = Release;
		};
		2E63962D25D9ACDB0012F2AC /* Debug */ = {
			isa = XCBuildConfiguration;
			buildSettings = {
				ASSETCATALOG_COMPILER_APPICON_NAME = AppIcon;
				ASSETCATALOG_COMPILER_GLOBAL_ACCENT_COLOR_NAME = AccentColor;
				CODE_SIGN_STYLE = Automatic;
				DEVELOPMENT_ASSET_PATHS = "\"Avocadoge/Preview Content\"";
				DEVELOPMENT_TEAM = VFXJQ4U7H8;
				ENABLE_PREVIEWS = YES;
				INFOPLIST_FILE = Avocadoge/Info.plist;
				IPHONEOS_DEPLOYMENT_TARGET = 14.0;
				LD_RUNPATH_SEARCH_PATHS = (
					"$(inherited)",
					"@executable_path/Frameworks",
				);
				PRODUCT_BUNDLE_IDENTIFIER = com.sparrowtek.Avocadoge;
				PRODUCT_NAME = "$(TARGET_NAME)";
				SWIFT_VERSION = 5.0;
				TARGETED_DEVICE_FAMILY = "1,2";
			};
			name = Debug;
		};
		2E63962E25D9ACDB0012F2AC /* Release */ = {
			isa = XCBuildConfiguration;
			buildSettings = {
				ASSETCATALOG_COMPILER_APPICON_NAME = AppIcon;
				ASSETCATALOG_COMPILER_GLOBAL_ACCENT_COLOR_NAME = AccentColor;
				CODE_SIGN_STYLE = Automatic;
				DEVELOPMENT_ASSET_PATHS = "\"Avocadoge/Preview Content\"";
				DEVELOPMENT_TEAM = VFXJQ4U7H8;
				ENABLE_PREVIEWS = YES;
				INFOPLIST_FILE = Avocadoge/Info.plist;
				IPHONEOS_DEPLOYMENT_TARGET = 14.0;
				LD_RUNPATH_SEARCH_PATHS = (
					"$(inherited)",
					"@executable_path/Frameworks",
				);
				PRODUCT_BUNDLE_IDENTIFIER = com.sparrowtek.Avocadoge;
				PRODUCT_NAME = "$(TARGET_NAME)";
				SWIFT_VERSION = 5.0;
				TARGETED_DEVICE_FAMILY = "1,2";
			};
			name = Release;
		};
		2E63963025D9ACDB0012F2AC /* Debug */ = {
			isa = XCBuildConfiguration;
			buildSettings = {
				ALWAYS_EMBED_SWIFT_STANDARD_LIBRARIES = YES;
				BUNDLE_LOADER = "$(TEST_HOST)";
				CODE_SIGN_STYLE = Automatic;
				DEVELOPMENT_TEAM = VFXJQ4U7H8;
				INFOPLIST_FILE = AvocadogeTests/Info.plist;
				IPHONEOS_DEPLOYMENT_TARGET = 14.0;
				LD_RUNPATH_SEARCH_PATHS = (
					"$(inherited)",
					"@executable_path/Frameworks",
					"@loader_path/Frameworks",
				);
				PRODUCT_BUNDLE_IDENTIFIER = com.sparrowtek.AvocadogeTests;
				PRODUCT_NAME = "$(TARGET_NAME)";
				SWIFT_VERSION = 5.0;
				TARGETED_DEVICE_FAMILY = "1,2";
				TEST_HOST = "$(BUILT_PRODUCTS_DIR)/Avocadoge.app/Avocadoge";
			};
			name = Debug;
		};
		2E63963125D9ACDB0012F2AC /* Release */ = {
			isa = XCBuildConfiguration;
			buildSettings = {
				ALWAYS_EMBED_SWIFT_STANDARD_LIBRARIES = YES;
				BUNDLE_LOADER = "$(TEST_HOST)";
				CODE_SIGN_STYLE = Automatic;
				DEVELOPMENT_TEAM = VFXJQ4U7H8;
				INFOPLIST_FILE = AvocadogeTests/Info.plist;
				IPHONEOS_DEPLOYMENT_TARGET = 14.0;
				LD_RUNPATH_SEARCH_PATHS = (
					"$(inherited)",
					"@executable_path/Frameworks",
					"@loader_path/Frameworks",
				);
				PRODUCT_BUNDLE_IDENTIFIER = com.sparrowtek.AvocadogeTests;
				PRODUCT_NAME = "$(TARGET_NAME)";
				SWIFT_VERSION = 5.0;
				TARGETED_DEVICE_FAMILY = "1,2";
				TEST_HOST = "$(BUILT_PRODUCTS_DIR)/Avocadoge.app/Avocadoge";
			};
			name = Release;
		};
		2E63963325D9ACDB0012F2AC /* Debug */ = {
			isa = XCBuildConfiguration;
			buildSettings = {
				ALWAYS_EMBED_SWIFT_STANDARD_LIBRARIES = YES;
				CODE_SIGN_STYLE = Automatic;
				DEVELOPMENT_TEAM = VFXJQ4U7H8;
				INFOPLIST_FILE = AvocadogeUITests/Info.plist;
				LD_RUNPATH_SEARCH_PATHS = (
					"$(inherited)",
					"@executable_path/Frameworks",
					"@loader_path/Frameworks",
				);
				PRODUCT_BUNDLE_IDENTIFIER = com.sparrowtek.AvocadogeUITests;
				PRODUCT_NAME = "$(TARGET_NAME)";
				SWIFT_VERSION = 5.0;
				TARGETED_DEVICE_FAMILY = "1,2";
				TEST_TARGET_NAME = Avocadoge;
			};
			name = Debug;
		};
		2E63963425D9ACDB0012F2AC /* Release */ = {
			isa = XCBuildConfiguration;
			buildSettings = {
				ALWAYS_EMBED_SWIFT_STANDARD_LIBRARIES = YES;
				CODE_SIGN_STYLE = Automatic;
				DEVELOPMENT_TEAM = VFXJQ4U7H8;
				INFOPLIST_FILE = AvocadogeUITests/Info.plist;
				LD_RUNPATH_SEARCH_PATHS = (
					"$(inherited)",
					"@executable_path/Frameworks",
					"@loader_path/Frameworks",
				);
				PRODUCT_BUNDLE_IDENTIFIER = com.sparrowtek.AvocadogeUITests;
				PRODUCT_NAME = "$(TARGET_NAME)";
				SWIFT_VERSION = 5.0;
				TARGETED_DEVICE_FAMILY = "1,2";
				TEST_TARGET_NAME = Avocadoge;
			};
			name = Release;
		};
/* End XCBuildConfiguration section */

/* Begin XCConfigurationList section */
		2E63960225D9ACDA0012F2AC /* Build configuration list for PBXProject "Avocadoge" */ = {
			isa = XCConfigurationList;
			buildConfigurations = (
				2E63962A25D9ACDB0012F2AC /* Debug */,
				2E63962B25D9ACDB0012F2AC /* Release */,
			);
			defaultConfigurationIsVisible = 0;
			defaultConfigurationName = Release;
		};
		2E63962C25D9ACDB0012F2AC /* Build configuration list for PBXNativeTarget "Avocadoge" */ = {
			isa = XCConfigurationList;
			buildConfigurations = (
				2E63962D25D9ACDB0012F2AC /* Debug */,
				2E63962E25D9ACDB0012F2AC /* Release */,
			);
			defaultConfigurationIsVisible = 0;
			defaultConfigurationName = Release;
		};
		2E63962F25D9ACDB0012F2AC /* Build configuration list for PBXNativeTarget "AvocadogeTests" */ = {
			isa = XCConfigurationList;
			buildConfigurations = (
				2E63963025D9ACDB0012F2AC /* Debug */,
				2E63963125D9ACDB0012F2AC /* Release */,
			);
			defaultConfigurationIsVisible = 0;
			defaultConfigurationName = Release;
		};
		2E63963225D9ACDB0012F2AC /* Build configuration list for PBXNativeTarget "AvocadogeUITests" */ = {
			isa = XCConfigurationList;
			buildConfigurations = (
				2E63963325D9ACDB0012F2AC /* Debug */,
				2E63963425D9ACDB0012F2AC /* Release */,
			);
			defaultConfigurationIsVisible = 0;
			defaultConfigurationName = Release;
		};
/* End XCConfigurationList section */

/* Begin XCRemoteSwiftPackageReference section */
		2E4E767625DB1249004C8406 /* XCRemoteSwiftPackageReference "swift-nio" */ = {
			isa = XCRemoteSwiftPackageReference;
			repositoryURL = "https://github.com/apple/swift-nio";
			requirement = {
				kind = upToNextMajorVersion;
				minimumVersion = 2.25.1;
			};
		};
		2E4E768A25DB126A004C8406 /* XCRemoteSwiftPackageReference "swift-log" */ = {
			isa = XCRemoteSwiftPackageReference;
			repositoryURL = "https://github.com/apple/swift-log";
			requirement = {
				kind = upToNextMajorVersion;
				minimumVersion = 1.4.0;
			};
		};
		2EDCEE7525DB31800050FA95 /* XCRemoteSwiftPackageReference "swift-cluster-membership" */ = {
			isa = XCRemoteSwiftPackageReference;
			repositoryURL = "https://github.com/apple/swift-cluster-membership";
			requirement = {
				kind = upToNextMajorVersion;
				minimumVersion = 0.3.1;
			};
		};
		2EDCEEC525DB34930050FA95 /* XCRemoteSwiftPackageReference "swift-service-lifecycle" */ = {
			isa = XCRemoteSwiftPackageReference;
			repositoryURL = "https://github.com/swift-server/swift-service-lifecycle";
			requirement = {
				kind = upToNextMajorVersion;
				minimumVersion = "1.0.0-alpha.6";
			};
		};
		2EFE4F6725DB2E2800EE37D9 /* XCRemoteSwiftPackageReference "swift-argument-parser" */ = {
			isa = XCRemoteSwiftPackageReference;
			repositoryURL = "https://github.com/apple/swift-argument-parser";
			requirement = {
				kind = upToNextMajorVersion;
				minimumVersion = 0.3.2;
			};
		};
/* End XCRemoteSwiftPackageReference section */

/* Begin XCSwiftPackageProductDependency section */
		2E4E767725DB1249004C8406 /* NIOTLS */ = {
			isa = XCSwiftPackageProductDependency;
			package = 2E4E767625DB1249004C8406 /* XCRemoteSwiftPackageReference "swift-nio" */;
			productName = NIOTLS;
		};
		2E4E767925DB1249004C8406 /* NIOWebSocket */ = {
			isa = XCSwiftPackageProductDependency;
			package = 2E4E767625DB1249004C8406 /* XCRemoteSwiftPackageReference "swift-nio" */;
			productName = NIOWebSocket;
		};
		2E4E767B25DB1249004C8406 /* _NIO1APIShims */ = {
			isa = XCSwiftPackageProductDependency;
			package = 2E4E767625DB1249004C8406 /* XCRemoteSwiftPackageReference "swift-nio" */;
			productName = _NIO1APIShims;
		};
		2E4E767D25DB1249004C8406 /* NIOFoundationCompat */ = {
			isa = XCSwiftPackageProductDependency;
			package = 2E4E767625DB1249004C8406 /* XCRemoteSwiftPackageReference "swift-nio" */;
			productName = NIOFoundationCompat;
		};
		2E4E767F25DB1249004C8406 /* NIOHTTP1 */ = {
			isa = XCSwiftPackageProductDependency;
			package = 2E4E767625DB1249004C8406 /* XCRemoteSwiftPackageReference "swift-nio" */;
			productName = NIOHTTP1;
		};
		2E4E768125DB1249004C8406 /* NIOConcurrencyHelpers */ = {
			isa = XCSwiftPackageProductDependency;
			package = 2E4E767625DB1249004C8406 /* XCRemoteSwiftPackageReference "swift-nio" */;
			productName = NIOConcurrencyHelpers;
		};
		2E4E768325DB1249004C8406 /* NIOTestUtils */ = {
			isa = XCSwiftPackageProductDependency;
			package = 2E4E767625DB1249004C8406 /* XCRemoteSwiftPackageReference "swift-nio" */;
			productName = NIOTestUtils;
		};
		2E4E768525DB1249004C8406 /* NIO */ = {
			isa = XCSwiftPackageProductDependency;
			package = 2E4E767625DB1249004C8406 /* XCRemoteSwiftPackageReference "swift-nio" */;
			productName = NIO;
		};
		2E4E768B25DB126A004C8406 /* Logging */ = {
			isa = XCSwiftPackageProductDependency;
			package = 2E4E768A25DB126A004C8406 /* XCRemoteSwiftPackageReference "swift-log" */;
			productName = Logging;
		};
		2EDCEE7625DB31800050FA95 /* ClusterMembership */ = {
			isa = XCSwiftPackageProductDependency;
			package = 2EDCEE7525DB31800050FA95 /* XCRemoteSwiftPackageReference "swift-cluster-membership" */;
			productName = ClusterMembership;
		};
		2EDCEE7825DB31800050FA95 /* SWIM */ = {
			isa = XCSwiftPackageProductDependency;
			package = 2EDCEE7525DB31800050FA95 /* XCRemoteSwiftPackageReference "swift-cluster-membership" */;
			productName = SWIM;
		};
		2EDCEEC625DB34930050FA95 /* LifecycleNIOCompat */ = {
			isa = XCSwiftPackageProductDependency;
			package = 2EDCEEC525DB34930050FA95 /* XCRemoteSwiftPackageReference "swift-service-lifecycle" */;
			productName = LifecycleNIOCompat;
		};
		2EDCEEC825DB34930050FA95 /* Lifecycle */ = {
			isa = XCSwiftPackageProductDependency;
			package = 2EDCEEC525DB34930050FA95 /* XCRemoteSwiftPackageReference "swift-service-lifecycle" */;
			productName = Lifecycle;
		};
		2EFE4F6825DB2E2800EE37D9 /* ArgumentParser */ = {
			isa = XCSwiftPackageProductDependency;
			package = 2EFE4F6725DB2E2800EE37D9 /* XCRemoteSwiftPackageReference "swift-argument-parser" */;
			productName = ArgumentParser;
		};
/* End XCSwiftPackageProductDependency section */
	};
	rootObject = 2E6395FF25D9ACDA0012F2AC /* Project object */;
}
